github.com/yongjohnlee80/autodoc v0.1.1 h1:TeuImvYpDFhTNebzjWpjDEfSuYwYD4vy26l4bM1uD/o=
github.com/yongjohnlee80/autodoc v0.1.1/go.mod h1:5CmcXPwHb5ow+46s8ECpUvhVtRpyq0xkbwBdH/pFfSU=
github.com/yongjohnlee80/golib v0.6.15 h1:PB2eAZB4As46oTdT4F/En3BnIFa9AkyXfdfVxLWh5pw=
github.com/yongjohnlee80/golib v0.6.15/go.mod h1:RAvsFuXFRS4qjOGL7Af9SRHVixI6cy0o4jsvPxRlTlc=
