github.com/yongjohnlee80/autodoc v0.1.1-0.20260930142511-d5633dd54a70 h1:jvqkesYZJsfxKAQBOXHMdIAxjc5bomYbNO3kxGstkzY=
github.com/yongjohnlee80/autodoc v0.1.1-0.20260930142511-d5633dd54a70/go.mod h1:oOMD4IFrU4jCnkF2u4xPwKPEwKgeqnc3G1WaxzZa14g=
github.com/yongjohnlee80/golib v0.6.15-0.20260930135348-56eaa78ca2d6 h1:Rdnw3vcohdQPc1tdLfVhFalASKgQlvUQOaDKczxiR+0=
github.com/yongjohnlee80/golib v0.6.15-0.20260930135348-56eaa78ca2d6/go.mod h1:RAvsFuXFRS4qjOGL7Af9SRHVixI6cy0o4jsvPxRlTlc=
