github.com/yongjohnlee80/autodoc v0.1.2 h1:VwbU2VFh9ti1TvYm2VZ7hhebz0B8innJPMhIcY2nWWg=
github.com/yongjohnlee80/autodoc v0.1.2/go.mod h1:uM5yX3qFMklKBmthfEaEmgC7cA+ML5064uSvR9fWIyk=
github.com/yongjohnlee80/golib v0.6.16 h1:sFNqV4qtueuT3YmWjvdzvJa2u9sCRPAFLTquO7mhVG8=
github.com/yongjohnlee80/golib v0.6.16/go.mod h1:RAvsFuXFRS4qjOGL7Af9SRHVixI6cy0o4jsvPxRlTlc=
